
Microsoft Visual Studio Solution File, Format Version 12.00
# Visual Studio Version 17
VisualStudioVersion = 17.4.33122.133
MinimumVisualStudioVersion = 10.0.40219.1
Project("{FAE04EC0-301F-11D3-BF4B-00C04F79EFBC}") = "ConsoleGame", "ConsoleGame\ConsoleGame.csproj", "{682017F2-5575-4E62-8F91-33E2B5B86A60}"
EndProject
Global
	GlobalSection(SolutionConfigurationPlatforms) = preSolution
		Debug|Any CPU = Debug|Any CPU
		Release|Any CPU = Release|Any CPU
	EndGlobalSection
	GlobalSection(ProjectConfigurationPlatforms) = postSolution
		{682017F2-5575-4E62-8F91-33E2B5B86A60}.Debug|Any CPU.ActiveCfg = Debug|Any CPU
		{682017F2-5575-4E62-8F91-33E2B5B86A60}.Debug|Any CPU.Build.0 = Debug|Any CPU
		{682017F2-5575-4E62-8F91-33E2B5B86A60}.Release|Any CPU.ActiveCfg = Release|Any CPU
		{682017F2-5575-4E62-8F91-33E2B5B86A60}.Release|Any CPU.Build.0 = Release|Any CPU
	EndGlobalSection
	GlobalSection(SolutionProperties) = preSolution
		HideSolutionNode = FALSE
	EndGlobalSection
	GlobalSection(ExtensibilityGlobals) = postSolution
		SolutionGuid = {C58AB751-6BC4-4B58-9CB4-A681228C9780}
	EndGlobalSection
EndGlobal
